// !$*UTF8*$!
{
	archiveVersion = 1;
	classes = {
	};
	objectVersion = 48;
	objects = {

/* Begin PBXBuildFile section */
		321B9A3620569FE4008F7226 /* Localizable.strings in Resources */ = {isa = PBXBuildFile; fileRef = 321B9A3820569FE4008F7226 /* Localizable.strings */; };
		3229E23A203743EF00466E51 /* VideoPrevieCell.swift in Sources */ = {isa = PBXBuildFile; fileRef = 3229E239203743EF00466E51 /* VideoPrevieCell.swift */; };
		323CCF2D2059A983008ABC85 /* AppleIncRootCertificate.cer in Resources */ = {isa = PBXBuildFile; fileRef = 323CCF2C2059A983008ABC85 /* AppleIncRootCertificate.cer */; };
		323CCF352059AE47008ABC85 /* ReceiptValidator.swift in Sources */ = {isa = PBXBuildFile; fileRef = 323CCF322059AE47008ABC85 /* ReceiptValidator.swift */; };
		323CCF362059AE47008ABC85 /* pkcs7_union_accessors.c in Sources */ = {isa = PBXBuildFile; fileRef = 323CCF342059AE47008ABC85 /* pkcs7_union_accessors.c */; };
		325F0A0F2046E0BE00DF16CA /* Extensions.swift in Sources */ = {isa = PBXBuildFile; fileRef = 325F0A0E2046E0BE00DF16CA /* Extensions.swift */; };
		32A9A94F222BF379002D2C06 /* MainScreenInteractor.swift in Sources */ = {isa = PBXBuildFile; fileRef = 32A9A94E222BF379002D2C06 /* MainScreenInteractor.swift */; };
		32A9A951222BF38E002D2C06 /* MainScreenPresenter.swift in Sources */ = {isa = PBXBuildFile; fileRef = 32A9A950222BF38E002D2C06 /* MainScreenPresenter.swift */; };
		32A9A953222BF3E4002D2C06 /* MainScreenRouting.swift in Sources */ = {isa = PBXBuildFile; fileRef = 32A9A952222BF3E4002D2C06 /* MainScreenRouting.swift */; };
		32A9A957222BF428002D2C06 /* CutVideoInteractor.swift in Sources */ = {isa = PBXBuildFile; fileRef = 32A9A956222BF428002D2C06 /* CutVideoInteractor.swift */; };
		32A9A959222BF436002D2C06 /* CutVideoPresenter.swift in Sources */ = {isa = PBXBuildFile; fileRef = 32A9A958222BF436002D2C06 /* CutVideoPresenter.swift */; };
		32A9A95B222BF441002D2C06 /* CutVideoRouting.swift in Sources */ = {isa = PBXBuildFile; fileRef = 32A9A95A222BF441002D2C06 /* CutVideoRouting.swift */; };
		32C04FEB2035AA7E00C509C7 /* AppDelegate.swift in Sources */ = {isa = PBXBuildFile; fileRef = 32C04FEA2035AA7E00C509C7 /* AppDelegate.swift */; };
		32C04FED2035AA7E00C509C7 /* MainScreenViewController.swift in Sources */ = {isa = PBXBuildFile; fileRef = 32C04FEC2035AA7E00C509C7 /* MainScreenViewController.swift */; };
		32C04FF02035AA7E00C509C7 /* Main.storyboard in Resources */ = {isa = PBXBuildFile; fileRef = 32C04FEE2035AA7E00C509C7 /* Main.storyboard */; };
		32C04FF22035AA7E00C509C7 /* Assets.xcassets in Resources */ = {isa = PBXBuildFile; fileRef = 32C04FF12035AA7E00C509C7 /* Assets.xcassets */; };
		32C04FF52035AA7E00C509C7 /* LaunchScreen.storyboard in Resources */ = {isa = PBXBuildFile; fileRef = 32C04FF32035AA7E00C509C7 /* LaunchScreen.storyboard */; };
		32C04FFD2035AD4000C509C7 /* UserImagesCollectionViewCell.swift in Sources */ = {isa = PBXBuildFile; fileRef = 32C04FFC2035AD4000C509C7 /* UserImagesCollectionViewCell.swift */; };
		32C04FFF20360CD200C509C7 /* CutVideoVC.swift in Sources */ = {isa = PBXBuildFile; fileRef = 32C04FFE20360CD200C509C7 /* CutVideoVC.swift */; };
		32DBD4AF2052EE0F005129D5 /* DiskStatus.swift in Sources */ = {isa = PBXBuildFile; fileRef = 32DBD4AE2052EE0F005129D5 /* DiskStatus.swift */; };
		32E8C9562053FD37001A3FA7 /* IAPManager.swift in Sources */ = {isa = PBXBuildFile; fileRef = 32E8C9552053FD37001A3FA7 /* IAPManager.swift */; };
		5B9EE4D0DDCB784823DBD099 /* Pods_InstaCut.framework in Frameworks */ = {isa = PBXBuildFile; fileRef = 1973E305E32B3767E08F462D /* Pods_InstaCut.framework */; };
/* End PBXBuildFile section */

/* Begin PBXFileReference section */
		1973E305E32B3767E08F462D /* Pods_InstaCut.framework */ = {isa = PBXFileReference; explicitFileType = wrapper.framework; includeInIndex = 0; path = Pods_InstaCut.framework; sourceTree = BUILT_PRODUCTS_DIR; };
		321B9A3720569FE4008F7226 /* ru */ = {isa = PBXFileReference; lastKnownFileType = text.plist.strings; name = ru; path = ru.lproj/Localizable.strings; sourceTree = "<group>"; };
		321B9A3920569FF3008F7226 /* Base */ = {isa = PBXFileReference; lastKnownFileType = text.plist.strings; name = Base; path = Base.lproj/Localizable.strings; sourceTree = "<group>"; };
		3229E239203743EF00466E51 /* VideoPrevieCell.swift */ = {isa = PBXFileReference; lastKnownFileType = sourcecode.swift; path = VideoPrevieCell.swift; sourceTree = "<group>"; };
		323CCF2C2059A983008ABC85 /* AppleIncRootCertificate.cer */ = {isa = PBXFileReference; lastKnownFileType = file; path = AppleIncRootCertificate.cer; sourceTree = "<group>"; };
		323CCF322059AE47008ABC85 /* ReceiptValidator.swift */ = {isa = PBXFileReference; fileEncoding = 4; lastKnownFileType = sourcecode.swift; path = ReceiptValidator.swift; sourceTree = "<group>"; };
		323CCF332059AE47008ABC85 /* pkcs7_union_accessors.h */ = {isa = PBXFileReference; fileEncoding = 4; lastKnownFileType = sourcecode.c.h; path = pkcs7_union_accessors.h; sourceTree = "<group>"; };
		323CCF342059AE47008ABC85 /* pkcs7_union_accessors.c */ = {isa = PBXFileReference; fileEncoding = 4; lastKnownFileType = sourcecode.c.c; path = pkcs7_union_accessors.c; sourceTree = "<group>"; };
		325F0A0E2046E0BE00DF16CA /* Extensions.swift */ = {isa = PBXFileReference; lastKnownFileType = sourcecode.swift; path = Extensions.swift; sourceTree = "<group>"; };
		326738B5205699400078674D /* ru */ = {isa = PBXFileReference; lastKnownFileType = text.plist.strings; name = ru; path = ru.lproj/Main.strings; sourceTree = "<group>"; };
		326738B6205699400078674D /* ru */ = {isa = PBXFileReference; lastKnownFileType = text.plist.strings; name = ru; path = ru.lproj/LaunchScreen.strings; sourceTree = "<group>"; };
		32707E05203858C0007D6CBF /* InstaCut-Bridging-Header.h */ = {isa = PBXFileReference; lastKnownFileType = sourcecode.c.h; path = "InstaCut-Bridging-Header.h"; sourceTree = "<group>"; };
		32A9A94E222BF379002D2C06 /* MainScreenInteractor.swift */ = {isa = PBXFileReference; lastKnownFileType = sourcecode.swift; path = MainScreenInteractor.swift; sourceTree = "<group>"; };
		32A9A950222BF38E002D2C06 /* MainScreenPresenter.swift */ = {isa = PBXFileReference; lastKnownFileType = sourcecode.swift; path = MainScreenPresenter.swift; sourceTree = "<group>"; };
		32A9A952222BF3E4002D2C06 /* MainScreenRouting.swift */ = {isa = PBXFileReference; lastKnownFileType = sourcecode.swift; path = MainScreenRouting.swift; sourceTree = "<group>"; };
		32A9A956222BF428002D2C06 /* CutVideoInteractor.swift */ = {isa = PBXFileReference; lastKnownFileType = sourcecode.swift; path = CutVideoInteractor.swift; sourceTree = "<group>"; };
		32A9A958222BF436002D2C06 /* CutVideoPresenter.swift */ = {isa = PBXFileReference; lastKnownFileType = sourcecode.swift; path = CutVideoPresenter.swift; sourceTree = "<group>"; };
		32A9A95A222BF441002D2C06 /* CutVideoRouting.swift */ = {isa = PBXFileReference; lastKnownFileType = sourcecode.swift; path = CutVideoRouting.swift; sourceTree = "<group>"; };
		32C04FE72035AA7E00C509C7 /* InstaCut.app */ = {isa = PBXFileReference; explicitFileType = wrapper.application; includeInIndex = 0; path = InstaCut.app; sourceTree = BUILT_PRODUCTS_DIR; };
		32C04FEA2035AA7E00C509C7 /* AppDelegate.swift */ = {isa = PBXFileReference; lastKnownFileType = sourcecode.swift; path = AppDelegate.swift; sourceTree = "<group>"; };
		32C04FEC2035AA7E00C509C7 /* MainScreenViewController.swift */ = {isa = PBXFileReference; lastKnownFileType = sourcecode.swift; path = MainScreenViewController.swift; sourceTree = "<group>"; };
		32C04FEF2035AA7E00C509C7 /* Base */ = {isa = PBXFileReference; lastKnownFileType = file.storyboard; name = Base; path = Base.lproj/Main.storyboard; sourceTree = "<group>"; };
		32C04FF12035AA7E00C509C7 /* Assets.xcassets */ = {isa = PBXFileReference; lastKnownFileType = folder.assetcatalog; path = Assets.xcassets; sourceTree = "<group>"; };
		32C04FF42035AA7E00C509C7 /* Base */ = {isa = PBXFileReference; lastKnownFileType = file.storyboard; name = Base; path = Base.lproj/LaunchScreen.storyboard; sourceTree = "<group>"; };
		32C04FF62035AA7E00C509C7 /* Info.plist */ = {isa = PBXFileReference; lastKnownFileType = text.plist.xml; path = Info.plist; sourceTree = "<group>"; };
		32C04FFC2035AD4000C509C7 /* UserImagesCollectionViewCell.swift */ = {isa = PBXFileReference; lastKnownFileType = sourcecode.swift; path = UserImagesCollectionViewCell.swift; sourceTree = "<group>"; };
		32C04FFE20360CD200C509C7 /* CutVideoVC.swift */ = {isa = PBXFileReference; lastKnownFileType = sourcecode.swift; path = CutVideoVC.swift; sourceTree = "<group>"; };
		32DBD4AE2052EE0F005129D5 /* DiskStatus.swift */ = {isa = PBXFileReference; fileEncoding = 4; lastKnownFileType = sourcecode.swift; path = DiskStatus.swift; sourceTree = "<group>"; };
		32E8C9532053FC56001A3FA7 /* StoreKit.framework */ = {isa = PBXFileReference; lastKnownFileType = wrapper.framework; name = StoreKit.framework; path = System/Library/Frameworks/StoreKit.framework; sourceTree = SDKROOT; };
		32E8C9552053FD37001A3FA7 /* IAPManager.swift */ = {isa = PBXFileReference; lastKnownFileType = sourcecode.swift; path = IAPManager.swift; sourceTree = "<group>"; };
		32E8C9572053FF47001A3FA7 /* InstaCut.entitlements */ = {isa = PBXFileReference; lastKnownFileType = text.plist.entitlements; path = InstaCut.entitlements; sourceTree = "<group>"; };
		367646AD5FE13759FACACB6C /* Pods-InstaCut.debug.xcconfig */ = {isa = PBXFileReference; includeInIndex = 1; lastKnownFileType = text.xcconfig; name = "Pods-InstaCut.debug.xcconfig"; path = "Pods/Target Support Files/Pods-InstaCut/Pods-InstaCut.debug.xcconfig"; sourceTree = "<group>"; };
		FFF75E45018C06B8EDCB61E6 /* Pods-InstaCut.release.xcconfig */ = {isa = PBXFileReference; includeInIndex = 1; lastKnownFileType = text.xcconfig; name = "Pods-InstaCut.release.xcconfig"; path = "Pods/Target Support Files/Pods-InstaCut/Pods-InstaCut.release.xcconfig"; sourceTree = "<group>"; };
/* End PBXFileReference section */

/* Begin PBXFrameworksBuildPhase section */
		32C04FE42035AA7E00C509C7 /* Frameworks */ = {
			isa = PBXFrameworksBuildPhase;
			buildActionMask = 2147483647;
			files = (
				5B9EE4D0DDCB784823DBD099 /* Pods_InstaCut.framework in Frameworks */,
			);
			runOnlyForDeploymentPostprocessing = 0;
		};
/* End PBXFrameworksBuildPhase section */

/* Begin PBXGroup section */
		32A9A94B222BF2A8002D2C06 /* Classes */ = {
			isa = PBXGroup;
			children = (
				32C04FEA2035AA7E00C509C7 /* AppDelegate.swift */,
				32E8C9552053FD37001A3FA7 /* IAPManager.swift */,
				32A9A960222BF4B3002D2C06 /* Helpres */,
				32A9A94C222BF351002D2C06 /* Main Screen */,
				32A9A954222BF3FC002D2C06 /* Cut Video */,
				323CCF2C2059A983008ABC85 /* AppleIncRootCertificate.cer */,
				32C04FEE2035AA7E00C509C7 /* Main.storyboard */,
				32C04FF12035AA7E00C509C7 /* Assets.xcassets */,
				32C04FF32035AA7E00C509C7 /* LaunchScreen.storyboard */,
				321B9A3820569FE4008F7226 /* Localizable.strings */,
			);
			path = Classes;
			sourceTree = "<group>";
		};
		32A9A94C222BF351002D2C06 /* Main Screen */ = {
			isa = PBXGroup;
			children = (
				32A9A94D222BF35C002D2C06 /* Modules */,
				32A9A95C222BF482002D2C06 /* Views */,
			);
			path = "Main Screen";
			sourceTree = "<group>";
		};
		32A9A94D222BF35C002D2C06 /* Modules */ = {
			isa = PBXGroup;
			children = (
				32C04FEC2035AA7E00C509C7 /* MainScreenViewController.swift */,
				32A9A94E222BF379002D2C06 /* MainScreenInteractor.swift */,
				32A9A950222BF38E002D2C06 /* MainScreenPresenter.swift */,
				32A9A952222BF3E4002D2C06 /* MainScreenRouting.swift */,
			);
			path = Modules;
			sourceTree = "<group>";
		};
		32A9A954222BF3FC002D2C06 /* Cut Video */ = {
			isa = PBXGroup;
			children = (
				32A9A955222BF40B002D2C06 /* Modules */,
				32A9A95E222BF49E002D2C06 /* Views */,
			);
			path = "Cut Video";
			sourceTree = "<group>";
		};
		32A9A955222BF40B002D2C06 /* Modules */ = {
			isa = PBXGroup;
			children = (
				32C04FFE20360CD200C509C7 /* CutVideoVC.swift */,
				32A9A956222BF428002D2C06 /* CutVideoInteractor.swift */,
				32A9A958222BF436002D2C06 /* CutVideoPresenter.swift */,
				32A9A95A222BF441002D2C06 /* CutVideoRouting.swift */,
			);
			path = Modules;
			sourceTree = "<group>";
		};
		32A9A95C222BF482002D2C06 /* Views */ = {
			isa = PBXGroup;
			children = (
				32A9A95D222BF491002D2C06 /* Cells */,
			);
			path = Views;
			sourceTree = "<group>";
		};
		32A9A95D222BF491002D2C06 /* Cells */ = {
			isa = PBXGroup;
			children = (
				32C04FFC2035AD4000C509C7 /* UserImagesCollectionViewCell.swift */,
			);
			path = Cells;
			sourceTree = "<group>";
		};
		32A9A95E222BF49E002D2C06 /* Views */ = {
			isa = PBXGroup;
			children = (
				32A9A95F222BF4A4002D2C06 /* Cells */,
			);
			path = Views;
			sourceTree = "<group>";
		};
		32A9A95F222BF4A4002D2C06 /* Cells */ = {
			isa = PBXGroup;
			children = (
				3229E239203743EF00466E51 /* VideoPrevieCell.swift */,
			);
			path = Cells;
			sourceTree = "<group>";
		};
		32A9A960222BF4B3002D2C06 /* Helpres */ = {
			isa = PBXGroup;
			children = (
				32A9A962222BF4EF002D2C06 /* IAPManagerHelper */,
				32A9A961222BF4BA002D2C06 /* Extensions */,
				32DBD4AE2052EE0F005129D5 /* DiskStatus.swift */,
			);
			path = Helpres;
			sourceTree = "<group>";
		};
		32A9A961222BF4BA002D2C06 /* Extensions */ = {
			isa = PBXGroup;
			children = (
				325F0A0E2046E0BE00DF16CA /* Extensions.swift */,
			);
			path = Extensions;
			sourceTree = "<group>";
		};
		32A9A962222BF4EF002D2C06 /* IAPManagerHelper */ = {
			isa = PBXGroup;
			children = (
				323CCF342059AE47008ABC85 /* pkcs7_union_accessors.c */,
				323CCF332059AE47008ABC85 /* pkcs7_union_accessors.h */,
				323CCF322059AE47008ABC85 /* ReceiptValidator.swift */,
				32707E05203858C0007D6CBF /* InstaCut-Bridging-Header.h */,
			);
			path = IAPManagerHelper;
			sourceTree = "<group>";
		};
		32C04FDE2035AA7E00C509C7 = {
			isa = PBXGroup;
			children = (
				32C04FE92035AA7E00C509C7 /* InstaCut */,
				32C04FE82035AA7E00C509C7 /* Products */,
				856C9E9B189D86D06EBB8EC7 /* Pods */,
				4A4C1883C655A31AA1C73395 /* Frameworks */,
			);
			sourceTree = "<group>";
		};
		32C04FE82035AA7E00C509C7 /* Products */ = {
			isa = PBXGroup;
			children = (
				32C04FE72035AA7E00C509C7 /* InstaCut.app */,
			);
			name = Products;
			sourceTree = "<group>";
		};
		32C04FE92035AA7E00C509C7 /* InstaCut */ = {
			isa = PBXGroup;
			children = (
				32E8C9572053FF47001A3FA7 /* InstaCut.entitlements */,
				32A9A94B222BF2A8002D2C06 /* Classes */,
				32C04FF62035AA7E00C509C7 /* Info.plist */,
			);
			path = InstaCut;
			sourceTree = "<group>";
		};
		4A4C1883C655A31AA1C73395 /* Frameworks */ = {
			isa = PBXGroup;
			children = (
				32E8C9532053FC56001A3FA7 /* StoreKit.framework */,
				1973E305E32B3767E08F462D /* Pods_InstaCut.framework */,
			);
			name = Frameworks;
			sourceTree = "<group>";
		};
		856C9E9B189D86D06EBB8EC7 /* Pods */ = {
			isa = PBXGroup;
			children = (
				367646AD5FE13759FACACB6C /* Pods-InstaCut.debug.xcconfig */,
				FFF75E45018C06B8EDCB61E6 /* Pods-InstaCut.release.xcconfig */,
			);
			name = Pods;
			sourceTree = "<group>";
		};
/* End PBXGroup section */

/* Begin PBXNativeTarget section */
		32C04FE62035AA7E00C509C7 /* InstaCut */ = {
			isa = PBXNativeTarget;
			buildConfigurationList = 32C04FF92035AA7E00C509C7 /* Build configuration list for PBXNativeTarget "InstaCut" */;
			buildPhases = (
				B236F5FFC4FE06DAD0F7DD4B /* [CP] Check Pods Manifest.lock */,
				32C04FE32035AA7E00C509C7 /* Sources */,
				32C04FE42035AA7E00C509C7 /* Frameworks */,
				32C04FE52035AA7E00C509C7 /* Resources */,
				AF906D094E6A49318743BE63 /* [CP] Embed Pods Frameworks */,
				36AA68908997A30DC29B07BF /* [CP] Copy Pods Resources */,
			);
			buildRules = (
			);
			dependencies = (
			);
			name = InstaCut;
			productName = InstaCut;
			productReference = 32C04FE72035AA7E00C509C7 /* InstaCut.app */;
			productType = "com.apple.product-type.application";
		};
/* End PBXNativeTarget section */

/* Begin PBXProject section */
		32C04FDF2035AA7E00C509C7 /* Project object */ = {
			isa = PBXProject;
			attributes = {
				LastSwiftUpdateCheck = 0920;
				LastUpgradeCheck = 0930;
				ORGANIZATIONNAME = "Kazim Gajiev";
				TargetAttributes = {
					32C04FE62035AA7E00C509C7 = {
						CreatedOnToolsVersion = 9.2;
						LastSwiftMigration = 0920;
						ProvisioningStyle = Automatic;
						SystemCapabilities = {
							com.apple.ApplePay = {
								enabled = 0;
							};
							com.apple.InAppPurchase = {
								enabled = 1;
							};
							com.apple.Wallet = {
								enabled = 0;
							};
							com.apple.iCloud = {
								enabled = 1;
							};
						};
					};
				};
			};
			buildConfigurationList = 32C04FE22035AA7E00C509C7 /* Build configuration list for PBXProject "InstaCut" */;
			compatibilityVersion = "Xcode 8.0";
			developmentRegion = en;
			hasScannedForEncodings = 0;
			knownRegions = (
				en,
				Base,
				ru,
			);
			mainGroup = 32C04FDE2035AA7E00C509C7;
			productRefGroup = 32C04FE82035AA7E00C509C7 /* Products */;
			projectDirPath = "";
			projectRoot = "";
			targets = (
				32C04FE62035AA7E00C509C7 /* InstaCut */,
			);
		};
/* End PBXProject section */

/* Begin PBXResourcesBuildPhase section */
		32C04FE52035AA7E00C509C7 /* Resources */ = {
			isa = PBXResourcesBuildPhase;
			buildActionMask = 2147483647;
			files = (
				32C04FF52035AA7E00C509C7 /* LaunchScreen.storyboard in Resources */,
				321B9A3620569FE4008F7226 /* Localizable.strings in Resources */,
				32C04FF22035AA7E00C509C7 /* Assets.xcassets in Resources */,
				323CCF2D2059A983008ABC85 /* AppleIncRootCertificate.cer in Resources */,
				32C04FF02035AA7E00C509C7 /* Main.storyboard in Resources */,
			);
			runOnlyForDeploymentPostprocessing = 0;
		};
/* End PBXResourcesBuildPhase section */

/* Begin PBXShellScriptBuildPhase section */
		36AA68908997A30DC29B07BF /* [CP] Copy Pods Resources */ = {
			isa = PBXShellScriptBuildPhase;
			buildActionMask = 2147483647;
			files = (
			);
			inputPaths = (
			);
			name = "[CP] Copy Pods Resources";
			outputPaths = (
			);
			runOnlyForDeploymentPostprocessing = 0;
			shellPath = /bin/sh;
			shellScript = "\"${SRCROOT}/Pods/Target Support Files/Pods-InstaCut/Pods-InstaCut-resources.sh\"\n";
			showEnvVarsInLog = 0;
		};
		AF906D094E6A49318743BE63 /* [CP] Embed Pods Frameworks */ = {
			isa = PBXShellScriptBuildPhase;
			buildActionMask = 2147483647;
			files = (
			);
			inputPaths = (
				"${SRCROOT}/Pods/Target Support Files/Pods-InstaCut/Pods-InstaCut-frameworks.sh",
				"${BUILT_PRODUCTS_DIR}/JGProgressHUD/JGProgressHUD.framework",
				"${BUILT_PRODUCTS_DIR}/Segmentio/Segmentio.framework",
			);
			name = "[CP] Embed Pods Frameworks";
			outputPaths = (
				"${TARGET_BUILD_DIR}/${FRAMEWORKS_FOLDER_PATH}/JGProgressHUD.framework",
				"${TARGET_BUILD_DIR}/${FRAMEWORKS_FOLDER_PATH}/Segmentio.framework",
			);
			runOnlyForDeploymentPostprocessing = 0;
			shellPath = /bin/sh;
			shellScript = "\"${SRCROOT}/Pods/Target Support Files/Pods-InstaCut/Pods-InstaCut-frameworks.sh\"\n";
			showEnvVarsInLog = 0;
		};
		B236F5FFC4FE06DAD0F7DD4B /* [CP] Check Pods Manifest.lock */ = {
			isa = PBXShellScriptBuildPhase;
			buildActionMask = 2147483647;
			files = (
			);
			inputPaths = (
				"${PODS_PODFILE_DIR_PATH}/Podfile.lock",
				"${PODS_ROOT}/Manifest.lock",
			);
			name = "[CP] Check Pods Manifest.lock";
			outputPaths = (
				"$(DERIVED_FILE_DIR)/Pods-InstaCut-checkManifestLockResult.txt",
			);
			runOnlyForDeploymentPostprocessing = 0;
			shellPath = /bin/sh;
			shellScript = "diff \"${PODS_PODFILE_DIR_PATH}/Podfile.lock\" \"${PODS_ROOT}/Manifest.lock\" > /dev/null\nif [ $? != 0 ] ; then\n    # print error to STDERR\n    echo \"error: The sandbox is not in sync with the Podfile.lock. Run 'pod install' or update your CocoaPods installation.\" >&2\n    exit 1\nfi\n# This output is used by Xcode 'outputs' to avoid re-running this script phase.\necho \"SUCCESS\" > \"${SCRIPT_OUTPUT_FILE_0}\"\n";
			showEnvVarsInLog = 0;
		};
/* End PBXShellScriptBuildPhase section */

/* Begin PBXSourcesBuildPhase section */
		32C04FE32035AA7E00C509C7 /* Sources */ = {
			isa = PBXSourcesBuildPhase;
			buildActionMask = 2147483647;
			files = (
				32E8C9562053FD37001A3FA7 /* IAPManager.swift in Sources */,
				3229E23A203743EF00466E51 /* VideoPrevieCell.swift in Sources */,
				32A9A953222BF3E4002D2C06 /* MainScreenRouting.swift in Sources */,
				32A9A957222BF428002D2C06 /* CutVideoInteractor.swift in Sources */,
				32A9A951222BF38E002D2C06 /* MainScreenPresenter.swift in Sources */,
				32A9A959222BF436002D2C06 /* CutVideoPresenter.swift in Sources */,
				325F0A0F2046E0BE00DF16CA /* Extensions.swift in Sources */,
				323CCF362059AE47008ABC85 /* pkcs7_union_accessors.c in Sources */,
				32C04FED2035AA7E00C509C7 /* MainScreenViewController.swift in Sources */,
				323CCF352059AE47008ABC85 /* ReceiptValidator.swift in Sources */,
				32A9A94F222BF379002D2C06 /* MainScreenInteractor.swift in Sources */,
				32A9A95B222BF441002D2C06 /* CutVideoRouting.swift in Sources */,
				32C04FEB2035AA7E00C509C7 /* AppDelegate.swift in Sources */,
				32C04FFD2035AD4000C509C7 /* UserImagesCollectionViewCell.swift in Sources */,
				32C04FFF20360CD200C509C7 /* CutVideoVC.swift in Sources */,
				32DBD4AF2052EE0F005129D5 /* DiskStatus.swift in Sources */,
			);
			runOnlyForDeploymentPostprocessing = 0;
		};
/* End PBXSourcesBuildPhase section */

/* Begin PBXVariantGroup section */
		321B9A3820569FE4008F7226 /* Localizable.strings */ = {
			isa = PBXVariantGroup;
			children = (
				321B9A3720569FE4008F7226 /* ru */,
				321B9A3920569FF3008F7226 /* Base */,
			);
			name = Localizable.strings;
			sourceTree = "<group>";
		};
		32C04FEE2035AA7E00C509C7 /* Main.storyboard */ = {
			isa = PBXVariantGroup;
			children = (
				32C04FEF2035AA7E00C509C7 /* Base */,
				326738B5205699400078674D /* ru */,
			);
			name = Main.storyboard;
			sourceTree = "<group>";
		};
		32C04FF32035AA7E00C509C7 /* LaunchScreen.storyboard */ = {
			isa = PBXVariantGroup;
			children = (
				32C04FF42035AA7E00C509C7 /* Base */,
				326738B6205699400078674D /* ru */,
			);
			name = LaunchScreen.storyboard;
			sourceTree = "<group>";
		};
/* End PBXVariantGroup section */

/* Begin XCBuildConfiguration section */
		32C04FF72035AA7E00C509C7 /* Debug */ = {
			isa = XCBuildConfiguration;
			buildSettings = {
				ALWAYS_SEARCH_USER_PATHS = NO;
				CLANG_ANALYZER_LOCALIZABILITY_NONLOCALIZED = YES;
				CLANG_ANALYZER_NONNULL = YES;
				CLANG_ANALYZER_NUMBER_OBJECT_CONVERSION = YES_AGGRESSIVE;
				CLANG_CXX_LANGUAGE_STANDARD = "gnu++14";
				CLANG_CXX_LIBRARY = "libc++";
				CLANG_ENABLE_MODULES = YES;
				CLANG_ENABLE_OBJC_ARC = YES;
				CLANG_WARN_BLOCK_CAPTURE_AUTORELEASING = YES;
				CLANG_WARN_BOOL_CONVERSION = YES;
				CLANG_WARN_COMMA = YES;
				CLANG_WARN_CONSTANT_CONVERSION = YES;
				CLANG_WARN_DEPRECATED_OBJC_IMPLEMENTATIONS = YES;
				CLANG_WARN_DIRECT_OBJC_ISA_USAGE = YES_ERROR;
				CLANG_WARN_DOCUMENTATION_COMMENTS = YES;
				CLANG_WARN_EMPTY_BODY = YES;
				CLANG_WARN_ENUM_CONVERSION = YES;
				CLANG_WARN_INFINITE_RECURSION = YES;
				CLANG_WARN_INT_CONVERSION = YES;
				CLANG_WARN_NON_LITERAL_NULL_CONVERSION = YES;
				CLANG_WARN_OBJC_IMPLICIT_RETAIN_SELF = YES;
				CLANG_WARN_OBJC_LITERAL_CONVERSION = YES;
				CLANG_WARN_OBJC_ROOT_CLASS = YES_ERROR;
				CLANG_WARN_RANGE_LOOP_ANALYSIS = YES;
				CLANG_WARN_STRICT_PROTOTYPES = YES;
				CLANG_WARN_SUSPICIOUS_MOVE = YES;
				CLANG_WARN_UNGUARDED_AVAILABILITY = YES_AGGRESSIVE;
				CLANG_WARN_UNREACHABLE_CODE = YES;
				CLANG_WARN__DUPLICATE_METHOD_MATCH = YES;
				CODE_SIGN_IDENTITY = "iPhone Developer";
				COPY_PHASE_STRIP = NO;
				DEBUG_INFORMATION_FORMAT = dwarf;
				ENABLE_STRICT_OBJC_MSGSEND = YES;
				ENABLE_TESTABILITY = YES;
				GCC_C_LANGUAGE_STANDARD = gnu11;
				GCC_DYNAMIC_NO_PIC = NO;
				GCC_NO_COMMON_BLOCKS = YES;
				GCC_OPTIMIZATION_LEVEL = 0;
				GCC_PREPROCESSOR_DEFINITIONS = (
					"DEBUG=1",
					"$(inherited)",
				);
				GCC_WARN_64_TO_32_BIT_CONVERSION = YES;
				GCC_WARN_ABOUT_RETURN_TYPE = YES_ERROR;
				GCC_WARN_UNDECLARED_SELECTOR = YES;
				GCC_WARN_UNINITIALIZED_AUTOS = YES_AGGRESSIVE;
				GCC_WARN_UNUSED_FUNCTION = YES;
				GCC_WARN_UNUSED_VARIABLE = YES;
				IPHONEOS_DEPLOYMENT_TARGET = 11.2;
				MTL_ENABLE_DEBUG_INFO = YES;
				ONLY_ACTIVE_ARCH = YES;
				SDKROOT = iphoneos;
				SWIFT_ACTIVE_COMPILATION_CONDITIONS = DEBUG;
				SWIFT_OPTIMIZATION_LEVEL = "-Onone";
			};
			name = Debug;
		};
		32C04FF82035AA7E00C509C7 /* Release */ = {
			isa = XCBuildConfiguration;
			buildSettings = {
				ALWAYS_SEARCH_USER_PATHS = NO;
				CLANG_ANALYZER_LOCALIZABILITY_NONLOCALIZED = YES;
				CLANG_ANALYZER_NONNULL = YES;
				CLANG_ANALYZER_NUMBER_OBJECT_CONVERSION = YES_AGGRESSIVE;
				CLANG_CXX_LANGUAGE_STANDARD = "gnu++14";
				CLANG_CXX_LIBRARY = "libc++";
				CLANG_ENABLE_MODULES = YES;
				CLANG_ENABLE_OBJC_ARC = YES;
				CLANG_WARN_BLOCK_CAPTURE_AUTORELEASING = YES;
				CLANG_WARN_BOOL_CONVERSION = YES;
				CLANG_WARN_COMMA = YES;
				CLANG_WARN_CONSTANT_CONVERSION = YES;
				CLANG_WARN_DEPRECATED_OBJC_IMPLEMENTATIONS = YES;
				CLANG_WARN_DIRECT_OBJC_ISA_USAGE = YES_ERROR;
				CLANG_WARN_DOCUMENTATION_COMMENTS = YES;
				CLANG_WARN_EMPTY_BODY = YES;
				CLANG_WARN_ENUM_CONVERSION = YES;
				CLANG_WARN_INFINITE_RECURSION = YES;
				CLANG_WARN_INT_CONVERSION = YES;
				CLANG_WARN_NON_LITERAL_NULL_CONVERSION = YES;
				CLANG_WARN_OBJC_IMPLICIT_RETAIN_SELF = YES;
				CLANG_WARN_OBJC_LITERAL_CONVERSION = YES;
				CLANG_WARN_OBJC_ROOT_CLASS = YES_ERROR;
				CLANG_WARN_RANGE_LOOP_ANALYSIS = YES;
				CLANG_WARN_STRICT_PROTOTYPES = YES;
				CLANG_WARN_SUSPICIOUS_MOVE = YES;
				CLANG_WARN_UNGUARDED_AVAILABILITY = YES_AGGRESSIVE;
				CLANG_WARN_UNREACHABLE_CODE = YES;
				CLANG_WARN__DUPLICATE_METHOD_MATCH = YES;
				CODE_SIGN_IDENTITY = "iPhone Developer";
				COPY_PHASE_STRIP = NO;
				DEBUG_INFORMATION_FORMAT = "dwarf-with-dsym";
				ENABLE_NS_ASSERTIONS = NO;
				ENABLE_STRICT_OBJC_MSGSEND = YES;
				GCC_C_LANGUAGE_STANDARD = gnu11;
				GCC_NO_COMMON_BLOCKS = YES;
				GCC_WARN_64_TO_32_BIT_CONVERSION = YES;
				GCC_WARN_ABOUT_RETURN_TYPE = YES_ERROR;
				GCC_WARN_UNDECLARED_SELECTOR = YES;
				GCC_WARN_UNINITIALIZED_AUTOS = YES_AGGRESSIVE;
				GCC_WARN_UNUSED_FUNCTION = YES;
				GCC_WARN_UNUSED_VARIABLE = YES;
				IPHONEOS_DEPLOYMENT_TARGET = 11.2;
				MTL_ENABLE_DEBUG_INFO = NO;
				SDKROOT = iphoneos;
				SWIFT_OPTIMIZATION_LEVEL = "-Owholemodule";
				VALIDATE_PRODUCT = YES;
			};
			name = Release;
		};
		32C04FFA2035AA7E00C509C7 /* Debug */ = {
			isa = XCBuildConfiguration;
			baseConfigurationReference = 367646AD5FE13759FACACB6C /* Pods-InstaCut.debug.xcconfig */;
			buildSettings = {
				ASSETCATALOG_COMPILER_APPICON_NAME = AppIcon;
				CLANG_ENABLE_MODULES = YES;
				CODE_SIGN_ENTITLEMENTS = InstaCut/InstaCut.entitlements;
				CODE_SIGN_STYLE = Automatic;
				DEVELOPMENT_TEAM = 396KV6U5SX;
				ENABLE_BITCODE = NO;
				INFOPLIST_FILE = InstaCut/Info.plist;
				IPHONEOS_DEPLOYMENT_TARGET = 9.0;
				LD_RUNPATH_SEARCH_PATHS = "$(inherited) @executable_path/Frameworks";
				PRODUCT_BUNDLE_IDENTIFIER = ru.land.InstaCut;
				PRODUCT_NAME = "$(TARGET_NAME)";
				SWIFT_OBJC_BRIDGING_HEADER = "InstaCut/Classes/Helpres/IAPManagerHelper/InstaCut-Bridging-Header.h";
				SWIFT_OPTIMIZATION_LEVEL = "-Onone";
				SWIFT_VERSION = 4.0;
				TARGETED_DEVICE_FAMILY = 1;
			};
			name = Debug;
		};
		32C04FFB2035AA7E00C509C7 /* Release */ = {
			isa = XCBuildConfiguration;
			baseConfigurationReference = FFF75E45018C06B8EDCB61E6 /* Pods-InstaCut.release.xcconfig */;
			buildSettings = {
				ASSETCATALOG_COMPILER_APPICON_NAME = AppIcon;
				CLANG_ENABLE_MODULES = YES;
				CODE_SIGN_ENTITLEMENTS = InstaCut/InstaCut.entitlements;
				CODE_SIGN_STYLE = Automatic;
				DEVELOPMENT_TEAM = 396KV6U5SX;
				ENABLE_BITCODE = NO;
				INFOPLIST_FILE = InstaCut/Info.plist;
				IPHONEOS_DEPLOYMENT_TARGET = 9.0;
				LD_RUNPATH_SEARCH_PATHS = "$(inherited) @executable_path/Frameworks";
				PRODUCT_BUNDLE_IDENTIFIER = ru.land.InstaCut;
				PRODUCT_NAME = "$(TARGET_NAME)";
				SWIFT_OBJC_BRIDGING_HEADER = "InstaCut/Classes/Helpres/IAPManagerHelper/InstaCut-Bridging-Header.h";
				SWIFT_VERSION = 4.0;
				TARGETED_DEVICE_FAMILY = 1;
			};
			name = Release;
		};
/* End XCBuildConfiguration section */

/* Begin XCConfigurationList section */
		32C04FE22035AA7E00C509C7 /* Build configuration list for PBXProject "InstaCut" */ = {
			isa = XCConfigurationList;
			buildConfigurations = (
				32C04FF72035AA7E00C509C7 /* Debug */,
				32C04FF82035AA7E00C509C7 /* Release */,
			);
			defaultConfigurationIsVisible = 0;
			defaultConfigurationName = Release;
		};
		32C04FF92035AA7E00C509C7 /* Build configuration list for PBXNativeTarget "InstaCut" */ = {
			isa = XCConfigurationList;
			buildConfigurations = (
				32C04FFA2035AA7E00C509C7 /* Debug */,
				32C04FFB2035AA7E00C509C7 /* Release */,
			);
			defaultConfigurationIsVisible = 0;
			defaultConfigurationName = Release;
		};
/* End XCConfigurationList section */
	};
	rootObject = 32C04FDF2035AA7E00C509C7 /* Project object */;
}
