// !$*UTF8*$!
{
	archiveVersion = 1;
	classes = {
	};
	objectVersion = 48;
	objects = {

/* Begin PBXBuildFile section */
		321A64A925343BF500ED70F0 /* AppCoordinator.swift in Sources */ = {isa = PBXBuildFile; fileRef = 321A64A825343BF500ED70F0 /* AppCoordinator.swift */; };
		321A64AD25343C3E00ED70F0 /* Coordinator.swift in Sources */ = {isa = PBXBuildFile; fileRef = 321A64AC25343C3E00ED70F0 /* Coordinator.swift */; };
		321A64B425343C9800ED70F0 /* VideoListViewController.swift in Sources */ = {isa = PBXBuildFile; fileRef = 321A64B225343C9800ED70F0 /* VideoListViewController.swift */; };
		321A64B525343C9800ED70F0 /* VideoListViewController.xib in Resources */ = {isa = PBXBuildFile; fileRef = 321A64B325343C9800ED70F0 /* VideoListViewController.xib */; };
		321A64B825343CAE00ED70F0 /* VideoListFactory.swift in Sources */ = {isa = PBXBuildFile; fileRef = 321A64B725343CAE00ED70F0 /* VideoListFactory.swift */; };
		321A64BB25343CEB00ED70F0 /* VideoListPresenter.swift in Sources */ = {isa = PBXBuildFile; fileRef = 321A64BA25343CEB00ED70F0 /* VideoListPresenter.swift */; };
		321A64BE25343D1700ED70F0 /* VideoListCoordinator.swift in Sources */ = {isa = PBXBuildFile; fileRef = 321A64BD25343D1700ED70F0 /* VideoListCoordinator.swift */; };
		321A64C325343FCF00ED70F0 /* XIBLocalizable.swift in Sources */ = {isa = PBXBuildFile; fileRef = 321A64C225343FCF00ED70F0 /* XIBLocalizable.swift */; };
		321A64C82534400C00ED70F0 /* XIBLoc+Ext.swift in Sources */ = {isa = PBXBuildFile; fileRef = 321A64C72534400C00ED70F0 /* XIBLoc+Ext.swift */; };
		321A64CC253440C000ED70F0 /* PhotoLibraryManager.swift in Sources */ = {isa = PBXBuildFile; fileRef = 321A64CB253440C000ED70F0 /* PhotoLibraryManager.swift */; };
		321A64D02534428E00ED70F0 /* PhotoLibraryPremission.swift in Sources */ = {isa = PBXBuildFile; fileRef = 321A64CF2534428E00ED70F0 /* PhotoLibraryPremission.swift */; };
		321A64DC2534444800ED70F0 /* String+Ext.swift in Sources */ = {isa = PBXBuildFile; fileRef = 321A64DB2534444800ED70F0 /* String+Ext.swift */; };
		321A64E325344EB300ED70F0 /* AssetImageGenerator.swift in Sources */ = {isa = PBXBuildFile; fileRef = 321A64E225344EB300ED70F0 /* AssetImageGenerator.swift */; };
		321A64E82534514100ED70F0 /* VideoThumbCollectionViewCell.swift in Sources */ = {isa = PBXBuildFile; fileRef = 321A64E62534514100ED70F0 /* VideoThumbCollectionViewCell.swift */; };
		321A64E92534514100ED70F0 /* VideoThumbCollectionViewCell.xib in Resources */ = {isa = PBXBuildFile; fileRef = 321A64E72534514100ED70F0 /* VideoThumbCollectionViewCell.xib */; };
		321B9A3620569FE4008F7226 /* Localizable.strings in Resources */ = {isa = PBXBuildFile; fileRef = 321B9A3820569FE4008F7226 /* Localizable.strings */; };
		321E0D4F222F9BDD001606F6 /* VideoPeriod.swift in Sources */ = {isa = PBXBuildFile; fileRef = 321E0D4E222F9BDD001606F6 /* VideoPeriod.swift */; };
		323CCF2D2059A983008ABC85 /* AppleIncRootCertificate.cer in Resources */ = {isa = PBXBuildFile; fileRef = 323CCF2C2059A983008ABC85 /* AppleIncRootCertificate.cer */; };
		3262157A2534943C0012CED3 /* Style.swift in Sources */ = {isa = PBXBuildFile; fileRef = 326215792534943C0012CED3 /* Style.swift */; };
		3262157F253494A30012CED3 /* InfoPlist.strings in Resources */ = {isa = PBXBuildFile; fileRef = 32621581253494A30012CED3 /* InfoPlist.strings */; };
		32621588253496F80012CED3 /* TrimVideoViewController.swift in Sources */ = {isa = PBXBuildFile; fileRef = 32621586253496F80012CED3 /* TrimVideoViewController.swift */; };
		32621589253496F80012CED3 /* TrimVideoViewController.xib in Resources */ = {isa = PBXBuildFile; fileRef = 32621587253496F80012CED3 /* TrimVideoViewController.xib */; };
		3262158C253497080012CED3 /* TrimVideoPresenter.swift in Sources */ = {isa = PBXBuildFile; fileRef = 3262158B253497080012CED3 /* TrimVideoPresenter.swift */; };
		3262158F2534971C0012CED3 /* TrimVideoSceneFactory.swift in Sources */ = {isa = PBXBuildFile; fileRef = 3262158E2534971C0012CED3 /* TrimVideoSceneFactory.swift */; };
		326215932534972D0012CED3 /* TrimVideoCoordinator.swift in Sources */ = {isa = PBXBuildFile; fileRef = 326215922534972D0012CED3 /* TrimVideoCoordinator.swift */; };
		3268F4ED224CE865000C544B /* NibLoadable.swift in Sources */ = {isa = PBXBuildFile; fileRef = 3268F4EC224CE865000C544B /* NibLoadable.swift */; };
		32993DF32535946900776F3F /* VideoPreviewView.swift in Sources */ = {isa = PBXBuildFile; fileRef = 32993DF22535946900776F3F /* VideoPreviewView.swift */; };
		32993DF62535948C00776F3F /* VideoPreviewView.xib in Resources */ = {isa = PBXBuildFile; fileRef = 32993DF52535948C00776F3F /* VideoPreviewView.xib */; };
		32993DF9253597D700776F3F /* VideoPeriodsTrimmerManager.swift in Sources */ = {isa = PBXBuildFile; fileRef = 32993DF8253597D700776F3F /* VideoPeriodsTrimmerManager.swift */; };
		32A4C72A222BFA35003616CC /* VideoModel.swift in Sources */ = {isa = PBXBuildFile; fileRef = 32A4C729222BFA35003616CC /* VideoModel.swift */; };
		32A760AA25359B7F00ECE08E /* CMTime+Ext.swift in Sources */ = {isa = PBXBuildFile; fileRef = 32A760A925359B7F00ECE08E /* CMTime+Ext.swift */; };
		32C04FEB2035AA7E00C509C7 /* AppDelegate.swift in Sources */ = {isa = PBXBuildFile; fileRef = 32C04FEA2035AA7E00C509C7 /* AppDelegate.swift */; };
		32C04FF22035AA7E00C509C7 /* Assets.xcassets in Resources */ = {isa = PBXBuildFile; fileRef = 32C04FF12035AA7E00C509C7 /* Assets.xcassets */; };
		32C04FF52035AA7E00C509C7 /* LaunchScreen.storyboard in Resources */ = {isa = PBXBuildFile; fileRef = 32C04FF32035AA7E00C509C7 /* LaunchScreen.storyboard */; };
		32DD15EF35F8A3C11DC5F2A5 /* Pods_InstaCut.framework in Frameworks */ = {isa = PBXBuildFile; fileRef = 5DC2C4A917796B618B5753DD /* Pods_InstaCut.framework */; };
/* End PBXBuildFile section */

/* Begin PBXFileReference section */
		321A64A825343BF500ED70F0 /* AppCoordinator.swift */ = {isa = PBXFileReference; lastKnownFileType = sourcecode.swift; path = AppCoordinator.swift; sourceTree = "<group>"; };
		321A64AC25343C3E00ED70F0 /* Coordinator.swift */ = {isa = PBXFileReference; lastKnownFileType = sourcecode.swift; path = Coordinator.swift; sourceTree = "<group>"; };
		321A64B225343C9800ED70F0 /* VideoListViewController.swift */ = {isa = PBXFileReference; lastKnownFileType = sourcecode.swift; path = VideoListViewController.swift; sourceTree = "<group>"; };
		321A64B325343C9800ED70F0 /* VideoListViewController.xib */ = {isa = PBXFileReference; lastKnownFileType = file.xib; path = VideoListViewController.xib; sourceTree = "<group>"; };
		321A64B725343CAE00ED70F0 /* VideoListFactory.swift */ = {isa = PBXFileReference; lastKnownFileType = sourcecode.swift; path = VideoListFactory.swift; sourceTree = "<group>"; };
		321A64BA25343CEB00ED70F0 /* VideoListPresenter.swift */ = {isa = PBXFileReference; lastKnownFileType = sourcecode.swift; path = VideoListPresenter.swift; sourceTree = "<group>"; };
		321A64BD25343D1700ED70F0 /* VideoListCoordinator.swift */ = {isa = PBXFileReference; lastKnownFileType = sourcecode.swift; path = VideoListCoordinator.swift; sourceTree = "<group>"; };
		321A64C225343FCF00ED70F0 /* XIBLocalizable.swift */ = {isa = PBXFileReference; lastKnownFileType = sourcecode.swift; path = XIBLocalizable.swift; sourceTree = "<group>"; };
		321A64C72534400C00ED70F0 /* XIBLoc+Ext.swift */ = {isa = PBXFileReference; lastKnownFileType = sourcecode.swift; path = "XIBLoc+Ext.swift"; sourceTree = "<group>"; };
		321A64CB253440C000ED70F0 /* PhotoLibraryManager.swift */ = {isa = PBXFileReference; lastKnownFileType = sourcecode.swift; path = PhotoLibraryManager.swift; sourceTree = "<group>"; };
		321A64CF2534428E00ED70F0 /* PhotoLibraryPremission.swift */ = {isa = PBXFileReference; lastKnownFileType = sourcecode.swift; path = PhotoLibraryPremission.swift; sourceTree = "<group>"; };
		321A64DB2534444800ED70F0 /* String+Ext.swift */ = {isa = PBXFileReference; lastKnownFileType = sourcecode.swift; path = "String+Ext.swift"; sourceTree = "<group>"; };
		321A64E225344EB300ED70F0 /* AssetImageGenerator.swift */ = {isa = PBXFileReference; lastKnownFileType = sourcecode.swift; path = AssetImageGenerator.swift; sourceTree = "<group>"; };
		321A64E62534514100ED70F0 /* VideoThumbCollectionViewCell.swift */ = {isa = PBXFileReference; lastKnownFileType = sourcecode.swift; path = VideoThumbCollectionViewCell.swift; sourceTree = "<group>"; };
		321A64E72534514100ED70F0 /* VideoThumbCollectionViewCell.xib */ = {isa = PBXFileReference; lastKnownFileType = file.xib; path = VideoThumbCollectionViewCell.xib; sourceTree = "<group>"; };
		321B9A3720569FE4008F7226 /* ru */ = {isa = PBXFileReference; lastKnownFileType = text.plist.strings; name = ru; path = ru.lproj/Localizable.strings; sourceTree = "<group>"; };
		321B9A3920569FF3008F7226 /* Base */ = {isa = PBXFileReference; lastKnownFileType = text.plist.strings; name = Base; path = Base.lproj/Localizable.strings; sourceTree = "<group>"; };
		321E0D4E222F9BDD001606F6 /* VideoPeriod.swift */ = {isa = PBXFileReference; lastKnownFileType = sourcecode.swift; path = VideoPeriod.swift; sourceTree = "<group>"; };
		323CCF2C2059A983008ABC85 /* AppleIncRootCertificate.cer */ = {isa = PBXFileReference; lastKnownFileType = file; path = AppleIncRootCertificate.cer; sourceTree = "<group>"; };
		326215792534943C0012CED3 /* Style.swift */ = {isa = PBXFileReference; lastKnownFileType = sourcecode.swift; path = Style.swift; sourceTree = "<group>"; };
		32621580253494A30012CED3 /* ru */ = {isa = PBXFileReference; lastKnownFileType = text.plist.strings; name = ru; path = ru.lproj/InfoPlist.strings; sourceTree = "<group>"; };
		32621583253494AA0012CED3 /* en */ = {isa = PBXFileReference; lastKnownFileType = text.plist.strings; name = en; path = en.lproj/InfoPlist.strings; sourceTree = "<group>"; };
		32621586253496F80012CED3 /* TrimVideoViewController.swift */ = {isa = PBXFileReference; lastKnownFileType = sourcecode.swift; path = TrimVideoViewController.swift; sourceTree = "<group>"; };
		32621587253496F80012CED3 /* TrimVideoViewController.xib */ = {isa = PBXFileReference; lastKnownFileType = file.xib; path = TrimVideoViewController.xib; sourceTree = "<group>"; };
		3262158B253497080012CED3 /* TrimVideoPresenter.swift */ = {isa = PBXFileReference; lastKnownFileType = sourcecode.swift; path = TrimVideoPresenter.swift; sourceTree = "<group>"; };
		3262158E2534971C0012CED3 /* TrimVideoSceneFactory.swift */ = {isa = PBXFileReference; lastKnownFileType = sourcecode.swift; path = TrimVideoSceneFactory.swift; sourceTree = "<group>"; };
		326215922534972D0012CED3 /* TrimVideoCoordinator.swift */ = {isa = PBXFileReference; lastKnownFileType = sourcecode.swift; path = TrimVideoCoordinator.swift; sourceTree = "<group>"; };
		326738B6205699400078674D /* ru */ = {isa = PBXFileReference; lastKnownFileType = text.plist.strings; name = ru; path = ru.lproj/LaunchScreen.strings; sourceTree = "<group>"; };
		3268F4EC224CE865000C544B /* NibLoadable.swift */ = {isa = PBXFileReference; lastKnownFileType = sourcecode.swift; path = NibLoadable.swift; sourceTree = "<group>"; };
		32993DF22535946900776F3F /* VideoPreviewView.swift */ = {isa = PBXFileReference; lastKnownFileType = sourcecode.swift; path = VideoPreviewView.swift; sourceTree = "<group>"; };
		32993DF52535948C00776F3F /* VideoPreviewView.xib */ = {isa = PBXFileReference; lastKnownFileType = file.xib; path = VideoPreviewView.xib; sourceTree = "<group>"; };
		32993DF8253597D700776F3F /* VideoPeriodsTrimmerManager.swift */ = {isa = PBXFileReference; lastKnownFileType = sourcecode.swift; path = VideoPeriodsTrimmerManager.swift; sourceTree = "<group>"; };
		32A4C729222BFA35003616CC /* VideoModel.swift */ = {isa = PBXFileReference; lastKnownFileType = sourcecode.swift; path = VideoModel.swift; sourceTree = "<group>"; };
		32A760A925359B7F00ECE08E /* CMTime+Ext.swift */ = {isa = PBXFileReference; lastKnownFileType = sourcecode.swift; path = "CMTime+Ext.swift"; sourceTree = "<group>"; };
		32C04FE72035AA7E00C509C7 /* InstaCut.app */ = {isa = PBXFileReference; explicitFileType = wrapper.application; includeInIndex = 0; path = InstaCut.app; sourceTree = BUILT_PRODUCTS_DIR; };
		32C04FEA2035AA7E00C509C7 /* AppDelegate.swift */ = {isa = PBXFileReference; lastKnownFileType = sourcecode.swift; path = AppDelegate.swift; sourceTree = "<group>"; };
		32C04FF12035AA7E00C509C7 /* Assets.xcassets */ = {isa = PBXFileReference; lastKnownFileType = folder.assetcatalog; path = Assets.xcassets; sourceTree = "<group>"; };
		32C04FF42035AA7E00C509C7 /* Base */ = {isa = PBXFileReference; lastKnownFileType = file.storyboard; name = Base; path = Base.lproj/LaunchScreen.storyboard; sourceTree = "<group>"; };
		32C04FF62035AA7E00C509C7 /* Info.plist */ = {isa = PBXFileReference; lastKnownFileType = text.plist.xml; path = Info.plist; sourceTree = "<group>"; };
		32E8C9532053FC56001A3FA7 /* StoreKit.framework */ = {isa = PBXFileReference; lastKnownFileType = wrapper.framework; name = StoreKit.framework; path = System/Library/Frameworks/StoreKit.framework; sourceTree = SDKROOT; };
		32E8C9572053FF47001A3FA7 /* InstaCut.entitlements */ = {isa = PBXFileReference; lastKnownFileType = text.plist.entitlements; path = InstaCut.entitlements; sourceTree = "<group>"; };
		5DC2C4A917796B618B5753DD /* Pods_InstaCut.framework */ = {isa = PBXFileReference; explicitFileType = wrapper.framework; includeInIndex = 0; path = Pods_InstaCut.framework; sourceTree = BUILT_PRODUCTS_DIR; };
		6EC933EF9DBEC67360A8C031 /* Pods-InstaCut.debug.xcconfig */ = {isa = PBXFileReference; includeInIndex = 1; lastKnownFileType = text.xcconfig; name = "Pods-InstaCut.debug.xcconfig"; path = "Target Support Files/Pods-InstaCut/Pods-InstaCut.debug.xcconfig"; sourceTree = "<group>"; };
		92594C43895D2DF4BD31EC89 /* Pods-InstaCut.release.xcconfig */ = {isa = PBXFileReference; includeInIndex = 1; lastKnownFileType = text.xcconfig; name = "Pods-InstaCut.release.xcconfig"; path = "Target Support Files/Pods-InstaCut/Pods-InstaCut.release.xcconfig"; sourceTree = "<group>"; };
/* End PBXFileReference section */

/* Begin PBXFrameworksBuildPhase section */
		32C04FE42035AA7E00C509C7 /* Frameworks */ = {
			isa = PBXFrameworksBuildPhase;
			buildActionMask = 2147483647;
			files = (
				32DD15EF35F8A3C11DC5F2A5 /* Pods_InstaCut.framework in Frameworks */,
			);
			runOnlyForDeploymentPostprocessing = 0;
		};
/* End PBXFrameworksBuildPhase section */

/* Begin PBXGroup section */
		29B52E365B59395D4DA03063 /* Pods */ = {
			isa = PBXGroup;
			children = (
				6EC933EF9DBEC67360A8C031 /* Pods-InstaCut.debug.xcconfig */,
				92594C43895D2DF4BD31EC89 /* Pods-InstaCut.release.xcconfig */,
			);
			path = Pods;
			sourceTree = "<group>";
		};
		321A64A625343BDD00ED70F0 /* Modules */ = {
			isa = PBXGroup;
			children = (
				321A64A725343BE800ED70F0 /* App */,
				32621585253496DA0012CED3 /* TrimVideo */,
				321A64B125343C6000ED70F0 /* VideoList */,
			);
			path = Modules;
			sourceTree = "<group>";
		};
		321A64A725343BE800ED70F0 /* App */ = {
			isa = PBXGroup;
			children = (
				321A64A825343BF500ED70F0 /* AppCoordinator.swift */,
			);
			path = App;
			sourceTree = "<group>";
		};
		321A64AB25343C2700ED70F0 /* Protocols */ = {
			isa = PBXGroup;
			children = (
				321A64AC25343C3E00ED70F0 /* Coordinator.swift */,
				3268F4EC224CE865000C544B /* NibLoadable.swift */,
				321A64C225343FCF00ED70F0 /* XIBLocalizable.swift */,
			);
			path = Protocols;
			sourceTree = "<group>";
		};
		321A64B125343C6000ED70F0 /* VideoList */ = {
			isa = PBXGroup;
			children = (
				32993DFF25359A5400776F3F /* Cells */,
				321A64BD25343D1700ED70F0 /* VideoListCoordinator.swift */,
				321A64B725343CAE00ED70F0 /* VideoListFactory.swift */,
				321A64BA25343CEB00ED70F0 /* VideoListPresenter.swift */,
				321A64B225343C9800ED70F0 /* VideoListViewController.swift */,
				321A64B325343C9800ED70F0 /* VideoListViewController.xib */,
			);
			path = VideoList;
			sourceTree = "<group>";
		};
		321A64C525343FF000ED70F0 /* Utils */ = {
			isa = PBXGroup;
			children = (
				321A64C625343FFB00ED70F0 /* Extensions */,
			);
			path = Utils;
			sourceTree = "<group>";
		};
		321A64C625343FFB00ED70F0 /* Extensions */ = {
			isa = PBXGroup;
			children = (
				321A64DB2534444800ED70F0 /* String+Ext.swift */,
				321A64C72534400C00ED70F0 /* XIBLoc+Ext.swift */,
				32A760A925359B7F00ECE08E /* CMTime+Ext.swift */,
			);
			path = Extensions;
			sourceTree = "<group>";
		};
		321A64CA253440A800ED70F0 /* Managers */ = {
			isa = PBXGroup;
			children = (
				321A64CB253440C000ED70F0 /* PhotoLibraryManager.swift */,
				32993DF8253597D700776F3F /* VideoPeriodsTrimmerManager.swift */,
			);
			path = Managers;
			sourceTree = "<group>";
		};
		321A64CE2534427900ED70F0 /* Helpers */ = {
			isa = PBXGroup;
			children = (
				321A64CF2534428E00ED70F0 /* PhotoLibraryPremission.swift */,
				321A64E225344EB300ED70F0 /* AssetImageGenerator.swift */,
			);
			path = Helpers;
			sourceTree = "<group>";
		};
		32621578253494070012CED3 /* Settings */ = {
			isa = PBXGroup;
			children = (
				326215792534943C0012CED3 /* Style.swift */,
			);
			path = Settings;
			sourceTree = "<group>";
		};
		32621585253496DA0012CED3 /* TrimVideo */ = {
			isa = PBXGroup;
			children = (
				32993DF12535941800776F3F /* Views */,
				3262158E2534971C0012CED3 /* TrimVideoSceneFactory.swift */,
				326215922534972D0012CED3 /* TrimVideoCoordinator.swift */,
				3262158B253497080012CED3 /* TrimVideoPresenter.swift */,
				32621586253496F80012CED3 /* TrimVideoViewController.swift */,
				32621587253496F80012CED3 /* TrimVideoViewController.xib */,
			);
			path = TrimVideo;
			sourceTree = "<group>";
		};
		32993DF12535941800776F3F /* Views */ = {
			isa = PBXGroup;
			children = (
				32993DF22535946900776F3F /* VideoPreviewView.swift */,
				32993DF52535948C00776F3F /* VideoPreviewView.xib */,
			);
			path = Views;
			sourceTree = "<group>";
		};
		32993DFD25359A2700776F3F /* Common Views */ = {
			isa = PBXGroup;
			children = (
				32993DFE25359A3000776F3F /* Cells */,
			);
			path = "Common Views";
			sourceTree = "<group>";
		};
		32993DFE25359A3000776F3F /* Cells */ = {
			isa = PBXGroup;
			children = (
				321A64E62534514100ED70F0 /* VideoThumbCollectionViewCell.swift */,
				321A64E72534514100ED70F0 /* VideoThumbCollectionViewCell.xib */,
			);
			path = Cells;
			sourceTree = "<group>";
		};
		32993DFF25359A5400776F3F /* Cells */ = {
			isa = PBXGroup;
			children = (
			);
			path = Cells;
			sourceTree = "<group>";
		};
		32A4C728222BFA24003616CC /* Models */ = {
			isa = PBXGroup;
			children = (
				32A4C729222BFA35003616CC /* VideoModel.swift */,
				321E0D4E222F9BDD001606F6 /* VideoPeriod.swift */,
			);
			path = Models;
			sourceTree = "<group>";
		};
		32A9A94B222BF2A8002D2C06 /* Application */ = {
			isa = PBXGroup;
			children = (
				32C04FEA2035AA7E00C509C7 /* AppDelegate.swift */,
				32993DFD25359A2700776F3F /* Common Views */,
				321A64CE2534427900ED70F0 /* Helpers */,
				321A64CA253440A800ED70F0 /* Managers */,
				32A4C728222BFA24003616CC /* Models */,
				321A64A625343BDD00ED70F0 /* Modules */,
				32621578253494070012CED3 /* Settings */,
				321A64AB25343C2700ED70F0 /* Protocols */,
				321A64C525343FF000ED70F0 /* Utils */,
			);
			path = Application;
			sourceTree = "<group>";
		};
		32C04FDE2035AA7E00C509C7 = {
			isa = PBXGroup;
			children = (
				32C04FE92035AA7E00C509C7 /* InstaCut */,
				32C04FE82035AA7E00C509C7 /* Products */,
				4A4C1883C655A31AA1C73395 /* Frameworks */,
				29B52E365B59395D4DA03063 /* Pods */,
			);
			sourceTree = "<group>";
		};
		32C04FE82035AA7E00C509C7 /* Products */ = {
			isa = PBXGroup;
			children = (
				32C04FE72035AA7E00C509C7 /* InstaCut.app */,
			);
			name = Products;
			sourceTree = "<group>";
		};
		32C04FE92035AA7E00C509C7 /* InstaCut */ = {
			isa = PBXGroup;
			children = (
				32E8C9572053FF47001A3FA7 /* InstaCut.entitlements */,
				32A9A94B222BF2A8002D2C06 /* Application */,
				32CD2FB425343AB8007D92D9 /* Resources */,
			);
			path = InstaCut;
			sourceTree = "<group>";
		};
		32CD2FB425343AB8007D92D9 /* Resources */ = {
			isa = PBXGroup;
			children = (
				323CCF2C2059A983008ABC85 /* AppleIncRootCertificate.cer */,
				32C04FF12035AA7E00C509C7 /* Assets.xcassets */,
				32C04FF32035AA7E00C509C7 /* LaunchScreen.storyboard */,
				321B9A3820569FE4008F7226 /* Localizable.strings */,
				32C04FF62035AA7E00C509C7 /* Info.plist */,
				32621581253494A30012CED3 /* InfoPlist.strings */,
			);
			path = Resources;
			sourceTree = "<group>";
		};
		4A4C1883C655A31AA1C73395 /* Frameworks */ = {
			isa = PBXGroup;
			children = (
				32E8C9532053FC56001A3FA7 /* StoreKit.framework */,
				5DC2C4A917796B618B5753DD /* Pods_InstaCut.framework */,
			);
			name = Frameworks;
			sourceTree = "<group>";
		};
/* End PBXGroup section */

/* Begin PBXNativeTarget section */
		32C04FE62035AA7E00C509C7 /* InstaCut */ = {
			isa = PBXNativeTarget;
			buildConfigurationList = 32C04FF92035AA7E00C509C7 /* Build configuration list for PBXNativeTarget "InstaCut" */;
			buildPhases = (
				CA384C4C30F39516B2EC86BC /* [CP] Check Pods Manifest.lock */,
				32C04FE32035AA7E00C509C7 /* Sources */,
				32C04FE42035AA7E00C509C7 /* Frameworks */,
				32C04FE52035AA7E00C509C7 /* Resources */,
				BBC8977341F7BD54D7EAD3BD /* [CP] Embed Pods Frameworks */,
			);
			buildRules = (
			);
			dependencies = (
			);
			name = InstaCut;
			productName = InstaCut;
			productReference = 32C04FE72035AA7E00C509C7 /* InstaCut.app */;
			productType = "com.apple.product-type.application";
		};
/* End PBXNativeTarget section */

/* Begin PBXProject section */
		32C04FDF2035AA7E00C509C7 /* Project object */ = {
			isa = PBXProject;
			attributes = {
				LastSwiftUpdateCheck = 0920;
				LastUpgradeCheck = 1200;
				ORGANIZATIONNAME = "Kazim Gajiev";
				TargetAttributes = {
					32C04FE62035AA7E00C509C7 = {
						CreatedOnToolsVersion = 9.2;
						LastSwiftMigration = 1020;
						ProvisioningStyle = Automatic;
						SystemCapabilities = {
							com.apple.ApplePay = {
								enabled = 0;
							};
							com.apple.BackgroundModes = {
								enabled = 0;
							};
							com.apple.InAppPurchase = {
								enabled = 1;
							};
							com.apple.Wallet = {
								enabled = 0;
							};
							com.apple.iCloud = {
								enabled = 1;
							};
						};
					};
				};
			};
			buildConfigurationList = 32C04FE22035AA7E00C509C7 /* Build configuration list for PBXProject "InstaCut" */;
			compatibilityVersion = "Xcode 8.0";
			developmentRegion = en;
			hasScannedForEncodings = 0;
			knownRegions = (
				en,
				Base,
				ru,
			);
			mainGroup = 32C04FDE2035AA7E00C509C7;
			productRefGroup = 32C04FE82035AA7E00C509C7 /* Products */;
			projectDirPath = "";
			projectRoot = "";
			targets = (
				32C04FE62035AA7E00C509C7 /* InstaCut */,
			);
		};
/* End PBXProject section */

/* Begin PBXResourcesBuildPhase section */
		32C04FE52035AA7E00C509C7 /* Resources */ = {
			isa = PBXResourcesBuildPhase;
			buildActionMask = 2147483647;
			files = (
				32993DF62535948C00776F3F /* VideoPreviewView.xib in Resources */,
				32C04FF52035AA7E00C509C7 /* LaunchScreen.storyboard in Resources */,
				3262157F253494A30012CED3 /* InfoPlist.strings in Resources */,
				321B9A3620569FE4008F7226 /* Localizable.strings in Resources */,
				32C04FF22035AA7E00C509C7 /* Assets.xcassets in Resources */,
				323CCF2D2059A983008ABC85 /* AppleIncRootCertificate.cer in Resources */,
				321A64E92534514100ED70F0 /* VideoThumbCollectionViewCell.xib in Resources */,
				32621589253496F80012CED3 /* TrimVideoViewController.xib in Resources */,
				321A64B525343C9800ED70F0 /* VideoListViewController.xib in Resources */,
			);
			runOnlyForDeploymentPostprocessing = 0;
		};
/* End PBXResourcesBuildPhase section */

/* Begin PBXShellScriptBuildPhase section */
		BBC8977341F7BD54D7EAD3BD /* [CP] Embed Pods Frameworks */ = {
			isa = PBXShellScriptBuildPhase;
			buildActionMask = 2147483647;
			files = (
			);
			inputPaths = (
				"${PODS_ROOT}/Target Support Files/Pods-InstaCut/Pods-InstaCut-frameworks.sh",
				"${BUILT_PRODUCTS_DIR}/JGProgressHUD/JGProgressHUD.framework",
			);
			name = "[CP] Embed Pods Frameworks";
			outputPaths = (
				"${TARGET_BUILD_DIR}/${FRAMEWORKS_FOLDER_PATH}/JGProgressHUD.framework",
			);
			runOnlyForDeploymentPostprocessing = 0;
			shellPath = /bin/sh;
			shellScript = "\"${PODS_ROOT}/Target Support Files/Pods-InstaCut/Pods-InstaCut-frameworks.sh\"\n";
			showEnvVarsInLog = 0;
		};
		CA384C4C30F39516B2EC86BC /* [CP] Check Pods Manifest.lock */ = {
			isa = PBXShellScriptBuildPhase;
			buildActionMask = 2147483647;
			files = (
			);
			inputFileListPaths = (
			);
			inputPaths = (
				"${PODS_PODFILE_DIR_PATH}/Podfile.lock",
				"${PODS_ROOT}/Manifest.lock",
			);
			name = "[CP] Check Pods Manifest.lock";
			outputFileListPaths = (
			);
			outputPaths = (
				"$(DERIVED_FILE_DIR)/Pods-InstaCut-checkManifestLockResult.txt",
			);
			runOnlyForDeploymentPostprocessing = 0;
			shellPath = /bin/sh;
			shellScript = "diff \"${PODS_PODFILE_DIR_PATH}/Podfile.lock\" \"${PODS_ROOT}/Manifest.lock\" > /dev/null\nif [ $? != 0 ] ; then\n    # print error to STDERR\n    echo \"error: The sandbox is not in sync with the Podfile.lock. Run 'pod install' or update your CocoaPods installation.\" >&2\n    exit 1\nfi\n# This output is used by Xcode 'outputs' to avoid re-running this script phase.\necho \"SUCCESS\" > \"${SCRIPT_OUTPUT_FILE_0}\"\n";
			showEnvVarsInLog = 0;
		};
/* End PBXShellScriptBuildPhase section */

/* Begin PBXSourcesBuildPhase section */
		32C04FE32035AA7E00C509C7 /* Sources */ = {
			isa = PBXSourcesBuildPhase;
			buildActionMask = 2147483647;
			files = (
				321A64C82534400C00ED70F0 /* XIBLoc+Ext.swift in Sources */,
				321A64B425343C9800ED70F0 /* VideoListViewController.swift in Sources */,
				3262158C253497080012CED3 /* TrimVideoPresenter.swift in Sources */,
				321A64CC253440C000ED70F0 /* PhotoLibraryManager.swift in Sources */,
				32993DF32535946900776F3F /* VideoPreviewView.swift in Sources */,
				32A760AA25359B7F00ECE08E /* CMTime+Ext.swift in Sources */,
				32A4C72A222BFA35003616CC /* VideoModel.swift in Sources */,
				32993DF9253597D700776F3F /* VideoPeriodsTrimmerManager.swift in Sources */,
				321A64DC2534444800ED70F0 /* String+Ext.swift in Sources */,
				321A64AD25343C3E00ED70F0 /* Coordinator.swift in Sources */,
				3268F4ED224CE865000C544B /* NibLoadable.swift in Sources */,
				3262157A2534943C0012CED3 /* Style.swift in Sources */,
				32C04FEB2035AA7E00C509C7 /* AppDelegate.swift in Sources */,
				326215932534972D0012CED3 /* TrimVideoCoordinator.swift in Sources */,
				321A64A925343BF500ED70F0 /* AppCoordinator.swift in Sources */,
				321A64C325343FCF00ED70F0 /* XIBLocalizable.swift in Sources */,
				321E0D4F222F9BDD001606F6 /* VideoPeriod.swift in Sources */,
				321A64BE25343D1700ED70F0 /* VideoListCoordinator.swift in Sources */,
				32621588253496F80012CED3 /* TrimVideoViewController.swift in Sources */,
				321A64B825343CAE00ED70F0 /* VideoListFactory.swift in Sources */,
				321A64E82534514100ED70F0 /* VideoThumbCollectionViewCell.swift in Sources */,
				321A64BB25343CEB00ED70F0 /* VideoListPresenter.swift in Sources */,
				3262158F2534971C0012CED3 /* TrimVideoSceneFactory.swift in Sources */,
				321A64E325344EB300ED70F0 /* AssetImageGenerator.swift in Sources */,
				321A64D02534428E00ED70F0 /* PhotoLibraryPremission.swift in Sources */,
			);
			runOnlyForDeploymentPostprocessing = 0;
		};
/* End PBXSourcesBuildPhase section */

/* Begin PBXVariantGroup section */
		321B9A3820569FE4008F7226 /* Localizable.strings */ = {
			isa = PBXVariantGroup;
			children = (
				321B9A3720569FE4008F7226 /* ru */,
				321B9A3920569FF3008F7226 /* Base */,
			);
			name = Localizable.strings;
			sourceTree = "<group>";
		};
		32621581253494A30012CED3 /* InfoPlist.strings */ = {
			isa = PBXVariantGroup;
			children = (
				32621580253494A30012CED3 /* ru */,
				32621583253494AA0012CED3 /* en */,
			);
			name = InfoPlist.strings;
			sourceTree = "<group>";
		};
		32C04FF32035AA7E00C509C7 /* LaunchScreen.storyboard */ = {
			isa = PBXVariantGroup;
			children = (
				32C04FF42035AA7E00C509C7 /* Base */,
				326738B6205699400078674D /* ru */,
			);
			name = LaunchScreen.storyboard;
			sourceTree = "<group>";
		};
/* End PBXVariantGroup section */

/* Begin XCBuildConfiguration section */
		32C04FF72035AA7E00C509C7 /* Debug */ = {
			isa = XCBuildConfiguration;
			buildSettings = {
				ALWAYS_SEARCH_USER_PATHS = NO;
				CLANG_ANALYZER_LOCALIZABILITY_NONLOCALIZED = YES;
				CLANG_ANALYZER_NONNULL = YES;
				CLANG_ANALYZER_NUMBER_OBJECT_CONVERSION = YES_AGGRESSIVE;
				CLANG_CXX_LANGUAGE_STANDARD = "gnu++14";
				CLANG_CXX_LIBRARY = "libc++";
				CLANG_ENABLE_MODULES = YES;
				CLANG_ENABLE_OBJC_ARC = YES;
				CLANG_WARN_BLOCK_CAPTURE_AUTORELEASING = YES;
				CLANG_WARN_BOOL_CONVERSION = YES;
				CLANG_WARN_COMMA = YES;
				CLANG_WARN_CONSTANT_CONVERSION = YES;
				CLANG_WARN_DEPRECATED_OBJC_IMPLEMENTATIONS = YES;
				CLANG_WARN_DIRECT_OBJC_ISA_USAGE = YES_ERROR;
				CLANG_WARN_DOCUMENTATION_COMMENTS = YES;
				CLANG_WARN_EMPTY_BODY = YES;
				CLANG_WARN_ENUM_CONVERSION = YES;
				CLANG_WARN_INFINITE_RECURSION = YES;
				CLANG_WARN_INT_CONVERSION = YES;
				CLANG_WARN_NON_LITERAL_NULL_CONVERSION = YES;
				CLANG_WARN_OBJC_IMPLICIT_RETAIN_SELF = YES;
				CLANG_WARN_OBJC_LITERAL_CONVERSION = YES;
				CLANG_WARN_OBJC_ROOT_CLASS = YES_ERROR;
				CLANG_WARN_QUOTED_INCLUDE_IN_FRAMEWORK_HEADER = YES;
				CLANG_WARN_RANGE_LOOP_ANALYSIS = YES;
				CLANG_WARN_STRICT_PROTOTYPES = YES;
				CLANG_WARN_SUSPICIOUS_MOVE = YES;
				CLANG_WARN_UNGUARDED_AVAILABILITY = YES_AGGRESSIVE;
				CLANG_WARN_UNREACHABLE_CODE = YES;
				CLANG_WARN__DUPLICATE_METHOD_MATCH = YES;
				CODE_SIGN_IDENTITY = "iPhone Developer";
				COPY_PHASE_STRIP = NO;
				DEBUG_INFORMATION_FORMAT = dwarf;
				ENABLE_STRICT_OBJC_MSGSEND = YES;
				ENABLE_TESTABILITY = YES;
				GCC_C_LANGUAGE_STANDARD = gnu11;
				GCC_DYNAMIC_NO_PIC = NO;
				GCC_NO_COMMON_BLOCKS = YES;
				GCC_OPTIMIZATION_LEVEL = 0;
				GCC_PREPROCESSOR_DEFINITIONS = (
					"DEBUG=1",
					"$(inherited)",
				);
				GCC_WARN_64_TO_32_BIT_CONVERSION = YES;
				GCC_WARN_ABOUT_RETURN_TYPE = YES_ERROR;
				GCC_WARN_UNDECLARED_SELECTOR = YES;
				GCC_WARN_UNINITIALIZED_AUTOS = YES_AGGRESSIVE;
				GCC_WARN_UNUSED_FUNCTION = YES;
				GCC_WARN_UNUSED_VARIABLE = YES;
				IPHONEOS_DEPLOYMENT_TARGET = 12.0;
				MTL_ENABLE_DEBUG_INFO = YES;
				ONLY_ACTIVE_ARCH = YES;
				SDKROOT = iphoneos;
				SWIFT_ACTIVE_COMPILATION_CONDITIONS = DEBUG;
				SWIFT_OPTIMIZATION_LEVEL = "-Onone";
			};
			name = Debug;
		};
		32C04FF82035AA7E00C509C7 /* Release */ = {
			isa = XCBuildConfiguration;
			buildSettings = {
				ALWAYS_SEARCH_USER_PATHS = NO;
				CLANG_ANALYZER_LOCALIZABILITY_NONLOCALIZED = YES;
				CLANG_ANALYZER_NONNULL = YES;
				CLANG_ANALYZER_NUMBER_OBJECT_CONVERSION = YES_AGGRESSIVE;
				CLANG_CXX_LANGUAGE_STANDARD = "gnu++14";
				CLANG_CXX_LIBRARY = "libc++";
				CLANG_ENABLE_MODULES = YES;
				CLANG_ENABLE_OBJC_ARC = YES;
				CLANG_WARN_BLOCK_CAPTURE_AUTORELEASING = YES;
				CLANG_WARN_BOOL_CONVERSION = YES;
				CLANG_WARN_COMMA = YES;
				CLANG_WARN_CONSTANT_CONVERSION = YES;
				CLANG_WARN_DEPRECATED_OBJC_IMPLEMENTATIONS = YES;
				CLANG_WARN_DIRECT_OBJC_ISA_USAGE = YES_ERROR;
				CLANG_WARN_DOCUMENTATION_COMMENTS = YES;
				CLANG_WARN_EMPTY_BODY = YES;
				CLANG_WARN_ENUM_CONVERSION = YES;
				CLANG_WARN_INFINITE_RECURSION = YES;
				CLANG_WARN_INT_CONVERSION = YES;
				CLANG_WARN_NON_LITERAL_NULL_CONVERSION = YES;
				CLANG_WARN_OBJC_IMPLICIT_RETAIN_SELF = YES;
				CLANG_WARN_OBJC_LITERAL_CONVERSION = YES;
				CLANG_WARN_OBJC_ROOT_CLASS = YES_ERROR;
				CLANG_WARN_QUOTED_INCLUDE_IN_FRAMEWORK_HEADER = YES;
				CLANG_WARN_RANGE_LOOP_ANALYSIS = YES;
				CLANG_WARN_STRICT_PROTOTYPES = YES;
				CLANG_WARN_SUSPICIOUS_MOVE = YES;
				CLANG_WARN_UNGUARDED_AVAILABILITY = YES_AGGRESSIVE;
				CLANG_WARN_UNREACHABLE_CODE = YES;
				CLANG_WARN__DUPLICATE_METHOD_MATCH = YES;
				CODE_SIGN_IDENTITY = "iPhone Developer";
				COPY_PHASE_STRIP = NO;
				DEBUG_INFORMATION_FORMAT = "dwarf-with-dsym";
				ENABLE_NS_ASSERTIONS = NO;
				ENABLE_STRICT_OBJC_MSGSEND = YES;
				GCC_C_LANGUAGE_STANDARD = gnu11;
				GCC_NO_COMMON_BLOCKS = YES;
				GCC_WARN_64_TO_32_BIT_CONVERSION = YES;
				GCC_WARN_ABOUT_RETURN_TYPE = YES_ERROR;
				GCC_WARN_UNDECLARED_SELECTOR = YES;
				GCC_WARN_UNINITIALIZED_AUTOS = YES_AGGRESSIVE;
				GCC_WARN_UNUSED_FUNCTION = YES;
				GCC_WARN_UNUSED_VARIABLE = YES;
				IPHONEOS_DEPLOYMENT_TARGET = 12.0;
				MTL_ENABLE_DEBUG_INFO = NO;
				SDKROOT = iphoneos;
				SWIFT_OPTIMIZATION_LEVEL = "-Owholemodule";
				VALIDATE_PRODUCT = YES;
			};
			name = Release;
		};
		32C04FFA2035AA7E00C509C7 /* Debug */ = {
			isa = XCBuildConfiguration;
			baseConfigurationReference = 6EC933EF9DBEC67360A8C031 /* Pods-InstaCut.debug.xcconfig */;
			buildSettings = {
				ASSETCATALOG_COMPILER_APPICON_NAME = AppIcon;
				CLANG_ENABLE_MODULES = YES;
				CODE_SIGN_ENTITLEMENTS = InstaCut/InstaCut.entitlements;
				CODE_SIGN_IDENTITY = "iPhone Developer";
				CODE_SIGN_STYLE = Automatic;
				CURRENT_PROJECT_VERSION = 8;
				DEVELOPMENT_TEAM = 396KV6U5SX;
				ENABLE_BITCODE = NO;
				INFOPLIST_FILE = InstaCut/Resources/Info.plist;
				IPHONEOS_DEPLOYMENT_TARGET = 12.0;
				LD_RUNPATH_SEARCH_PATHS = "$(inherited) @executable_path/Frameworks";
				PRODUCT_BUNDLE_IDENTIFIER = ru.land.InstaCut;
				PRODUCT_NAME = "$(TARGET_NAME)";
				PROVISIONING_PROFILE_SPECIFIER = "";
				SWIFT_OBJC_BRIDGING_HEADER = "";
				SWIFT_OPTIMIZATION_LEVEL = "-Onone";
				SWIFT_VERSION = 5.0;
				TARGETED_DEVICE_FAMILY = 1;
			};
			name = Debug;
		};
		32C04FFB2035AA7E00C509C7 /* Release */ = {
			isa = XCBuildConfiguration;
			baseConfigurationReference = 92594C43895D2DF4BD31EC89 /* Pods-InstaCut.release.xcconfig */;
			buildSettings = {
				ASSETCATALOG_COMPILER_APPICON_NAME = AppIcon;
				CLANG_ENABLE_MODULES = YES;
				CODE_SIGN_ENTITLEMENTS = InstaCut/InstaCut.entitlements;
				CODE_SIGN_IDENTITY = "iPhone Developer";
				CODE_SIGN_STYLE = Automatic;
				CURRENT_PROJECT_VERSION = 8;
				DEVELOPMENT_TEAM = 396KV6U5SX;
				ENABLE_BITCODE = NO;
				INFOPLIST_FILE = InstaCut/Resources/Info.plist;
				IPHONEOS_DEPLOYMENT_TARGET = 12.0;
				LD_RUNPATH_SEARCH_PATHS = "$(inherited) @executable_path/Frameworks";
				PRODUCT_BUNDLE_IDENTIFIER = ru.land.InstaCut;
				PRODUCT_NAME = "$(TARGET_NAME)";
				PROVISIONING_PROFILE_SPECIFIER = "";
				SWIFT_OBJC_BRIDGING_HEADER = "";
				SWIFT_VERSION = 5.0;
				TARGETED_DEVICE_FAMILY = 1;
			};
			name = Release;
		};
/* End XCBuildConfiguration section */

/* Begin XCConfigurationList section */
		32C04FE22035AA7E00C509C7 /* Build configuration list for PBXProject "InstaCut" */ = {
			isa = XCConfigurationList;
			buildConfigurations = (
				32C04FF72035AA7E00C509C7 /* Debug */,
				32C04FF82035AA7E00C509C7 /* Release */,
			);
			defaultConfigurationIsVisible = 0;
			defaultConfigurationName = Release;
		};
		32C04FF92035AA7E00C509C7 /* Build configuration list for PBXNativeTarget "InstaCut" */ = {
			isa = XCConfigurationList;
			buildConfigurations = (
				32C04FFA2035AA7E00C509C7 /* Debug */,
				32C04FFB2035AA7E00C509C7 /* Release */,
			);
			defaultConfigurationIsVisible = 0;
			defaultConfigurationName = Release;
		};
/* End XCConfigurationList section */
	};
	rootObject = 32C04FDF2035AA7E00C509C7 /* Project object */;
}
